<?xml version="1.0" encoding="utf-8"?>
<Project ToolsVersion="4.0" xmlns="http://schemas.microsoft.com/developer/msbuild/2003">
  <ItemGroup>
    <Filter Include="Source Files">
      <UniqueIdentifier>{4FC737F1-C7A5-4376-A066-2A32D752A2FF}</UniqueIdentifier>
      <Extensions>cpp;c;cc;cxx;def;odl;idl;hpj;bat;asm;asmx</Extensions>
    </Filter>
    <Filter Include="Header Files">
      <UniqueIdentifier>{93995380-89BD-4b04-88EB-625FBE52EBFB}</UniqueIdentifier>
      <Extensions>h;hpp;hxx;hm;inl;inc;xsd</Extensions>
    </Filter>
    <Filter Include="Resource Files">
      <UniqueIdentifier>{67DA6AB6-F800-4c08-8B7A-83BB121AAD01}</UniqueIdentifier>
      <Extensions>rc;ico;cur;bmp;dlg;rc2;rct;bin;rgs;gif;jpg;jpeg;jpe;resx;tiff;tif;png;wav;mfcribbon-ms</Extensions>
    </Filter>
    <Filter Include="Source Files\UI Components">
      <UniqueIdentifier>{48aefc74-49a7-4f71-9de0-e47744d71332}</UniqueIdentifier>
    </Filter>
    <Filter Include="Header Files\UI Components">
      <UniqueIdentifier>{93042088-0ce7-4c50-b2e6-6234a6550c27}</UniqueIdentifier>
    </Filter>
    <Filter Include="Header Files\Renderers">
      <UniqueIdentifier>{98040295-b12a-43c7-97d5-53888d6f2d5a}</UniqueIdentifier>
    </Filter>
    <Filter Include="Source Files\Renderers">
      <UniqueIdentifier>{2d019d15-e1a4-49d7-93e7-718e0270956a}</UniqueIdentifier>
    </Filter>
  </ItemGroup>
  <ItemGroup>
    <ClCompile Include="UnmanagedCode.cpp">
      <Filter>Source Files</Filter>
    </ClCompile>
    <ClCompile Include="Taskbar.cpp">
      <Filter>Source Files</Filter>
    </ClCompile>
    <ClCompile Include="BackgroundThread.cpp">
      <Filter>Source Files</Filter>
    </ClCompile>
    <ClCompile Include="ApplicationWindow.cpp">
      <Filter>Source Files\UI Components</Filter>
    </ClCompile>
    <ClCompile Include="ButtonWindow.cpp">
      <Filter>Source Files\UI Components</Filter>
    </ClCompile>
    <ClCompile Include="BaseWindow.cpp">
      <Filter>Source Files\UI Components</Filter>
    </ClCompile>
    <ClCompile Include="StartWindow.cpp">
      <Filter>Source Files\UI Components</Filter>
    </ClCompile>
    <ClCompile Include="TaskListWindow.cpp">
      <Filter>Source Files\UI Components</Filter>
    </ClCompile>
    <ClCompile Include="Win32Window.cpp">
      <Filter>Source Files\UI Components</Filter>
    </ClCompile>
    <ClCompile Include="BaseComponentRenderer.cpp">
      <Filter>Source Files\Renderers</Filter>
    </ClCompile>
    <ClCompile Include="ClassicComponentRenderer.cpp">
      <Filter>Source Files\Renderers</Filter>
    </ClCompile>
  </ItemGroup>
  <ItemGroup>
    <ClInclude Include="ProcessData.h">
      <Filter>Header Files</Filter>
    </ClInclude>
    <ClInclude Include="UnmanagedCode.h">
      <Filter>Header Files</Filter>
    </ClInclude>
    <ClInclude Include="Taskbar.h">
      <Filter>Header Files</Filter>
    </ClInclude>
    <ClInclude Include="BackgroundThread.h">
      <Filter>Header Files</Filter>
    </ClInclude>
    <ClInclude Include="ApplicationWindow.h">
      <Filter>Header Files\UI Components</Filter>
    </ClInclude>
    <ClInclude Include="BaseWindow.h">
      <Filter>Header Files\UI Components</Filter>
    </ClInclude>
    <ClInclude Include="ButtonWindow.h">
      <Filter>Header Files\UI Components</Filter>
    </ClInclude>
    <ClInclude Include="StartWindow.h">
      <Filter>Header Files\UI Components</Filter>
    </ClInclude>
    <ClInclude Include="resource.h">
      <Filter>Header Files</Filter>
    </ClInclude>
    <ClInclude Include="TaskListWindow.h">
      <Filter>Header Files\UI Components</Filter>
    </ClInclude>
    <ClInclude Include="Win32Window.h">
      <Filter>Header Files\UI Components</Filter>
    </ClInclude>
    <ClInclude Include="resource1.h">
      <Filter>Header Files</Filter>
    </ClInclude>
    <ClInclude Include="UIComponents.h">
      <Filter>Header Files</Filter>
    </ClInclude>
    <ClInclude Include="BaseComponentRenderer.h">
      <Filter>Header Files\Renderers</Filter>
    </ClInclude>
    <ClInclude Include="ClassicComponentRenderer.h">
      <Filter>Header Files\Renderers</Filter>
    </ClInclude>
  </ItemGroup>
  <ItemGroup>
    <ResourceCompile Include="SimpleClassicThemeTaskbar.UnmanagedCode1.rc">
      <Filter>Resource Files</Filter>
    </ResourceCompile>
  </ItemGroup>
</Project>