
Microsoft Visual Studio Solution File, Format Version 12.00
# Visual Studio Version 17
VisualStudioVersion = 17.0.31521.260
MinimumVisualStudioVersion = 10.0.40219.1
Project("{2150E333-8FDC-42A3-9474-1A3956D46DE8}") = "Solution Items", "Solution Items", "{16D0D798-44E2-4863-A6FB-8AF59A7AA463}"
	ProjectSection(SolutionItems) = preProject
		.editorconfig = .editorconfig
	EndProjectSection
EndProject
Project("{9A19103F-16F7-4668-BE54-9A1E7A4F7556}") = "SimpleClassicThemeTaskbar", "SimpleClassicThemeTaskbar\SimpleClassicThemeTaskbar.csproj", "{9267271F-5D75-471E-87DA-A3EAE513FF8D}"
EndProject
Project("{2150E333-8FDC-42A3-9474-1A3956D46DE8}") = "Old Code", "Old Code", "{125E3C21-ECB2-43D6-B32C-9AE60912CDFC}"
	ProjectSection(SolutionItems) = preProject
		Config.cs = Config.cs
		Settings.cs = Settings.cs
		StartButton.cs = StartButton.cs
	EndProjectSection
EndProject
Project("{9A19103F-16F7-4668-BE54-9A1E7A4F7556}") = "SimpleClassicTheme.Common", "..\SimpleClassicTheme.Common\SimpleClassicTheme.Common\SimpleClassicTheme.Common.csproj", "{E9317DC3-CA35-4420-B595-444974403E89}"
EndProject
Global
	GlobalSection(SolutionConfigurationPlatforms) = preSolution
		Debug|x64 = Debug|x64
		Debug|x86 = Debug|x86
		Release|x64 = Release|x64
		Release|x86 = Release|x86
	EndGlobalSection
	GlobalSection(ProjectConfigurationPlatforms) = postSolution
		{9267271F-5D75-471E-87DA-A3EAE513FF8D}.Debug|x64.ActiveCfg = Debug|x64
		{9267271F-5D75-471E-87DA-A3EAE513FF8D}.Debug|x64.Build.0 = Debug|x64
		{9267271F-5D75-471E-87DA-A3EAE513FF8D}.Debug|x86.ActiveCfg = Debug|x86
		{9267271F-5D75-471E-87DA-A3EAE513FF8D}.Debug|x86.Build.0 = Debug|x86
		{9267271F-5D75-471E-87DA-A3EAE513FF8D}.Release|x64.ActiveCfg = Release|x64
		{9267271F-5D75-471E-87DA-A3EAE513FF8D}.Release|x64.Build.0 = Release|x64
		{9267271F-5D75-471E-87DA-A3EAE513FF8D}.Release|x86.ActiveCfg = Release|x86
		{9267271F-5D75-471E-87DA-A3EAE513FF8D}.Release|x86.Build.0 = Release|x86
		{E9317DC3-CA35-4420-B595-444974403E89}.Debug|x64.ActiveCfg = Debug|x64
		{E9317DC3-CA35-4420-B595-444974403E89}.Debug|x64.Build.0 = Debug|x64
		{E9317DC3-CA35-4420-B595-444974403E89}.Debug|x86.ActiveCfg = Debug|x86
		{E9317DC3-CA35-4420-B595-444974403E89}.Debug|x86.Build.0 = Debug|x86
		{E9317DC3-CA35-4420-B595-444974403E89}.Release|x64.ActiveCfg = Release|Any CPU
		{E9317DC3-CA35-4420-B595-444974403E89}.Release|x64.Build.0 = Release|Any CPU
		{E9317DC3-CA35-4420-B595-444974403E89}.Release|x86.ActiveCfg = Release|Any CPU
		{E9317DC3-CA35-4420-B595-444974403E89}.Release|x86.Build.0 = Release|Any CPU
	EndGlobalSection
	GlobalSection(SolutionProperties) = preSolution
		HideSolutionNode = FALSE
	EndGlobalSection
	GlobalSection(ExtensibilityGlobals) = postSolution
		SolutionGuid = {0995725C-C338-4ABD-AC53-DC3A75A47859}
	EndGlobalSection
EndGlobal
